{
  "name": "demo",
  "version": "1.0.0",
  "lockfileVersion": 2,
  "requires": true,
  "packages": {
    "": {
      "version": "1.0.0",
      "license": "ISC",
      "dependencies": {
        "reveald3": "^1.5.5"
      }
    },
    "node_modules/reveald3": {
      "version": "1.5.5",
      "resolved": "https://registry.npmjs.org/reveald3/-/reveald3-1.5.5.tgz",
      "integrity": "sha512-gp4ufWJg9Tf9f2rbA8EwEJc3dTlEtp8qqiZav4+ACARw+CT92SmAty8rCMHCld6KyPh1YZTLw0UtPt13sLVVxw=="
    }
  },
  "dependencies": {
    "reveald3": {
      "version": "1.5.5",
      "resolved": "https://registry.npmjs.org/reveald3/-/reveald3-1.5.5.tgz",
      "integrity": "sha512-gp4ufWJg9Tf9f2rbA8EwEJc3dTlEtp8qqiZav4+ACARw+CT92SmAty8rCMHCld6KyPh1YZTLw0UtPt13sLVVxw=="
    }
  }
}
